Microsoft Visual Studio Solution File, Format Version 12.00
# Visual Studio Version 17
VisualStudioVersion = 17.0.31903.59
MinimumVisualStudioVersion = 10.0.40219.1
Project("{FAE04EC0-301F-11D3-BF4B-00C04F79EFBC}") = "CornnerPCRescue", "src\CornnerPCRescue\CornnerPCRescue.csproj", "{D5B4E091-9476-43A5-B7EC-EEB588219A51}"
EndProject
Project("{FAE04EC0-301F-11D3-BF4B-00C04F79EFBC}") = "CornnerPCRescue.Tests", "tests\CornnerPCRescue.Tests\CornnerPCRescue.Tests.csproj", "{48DFF1B9-5947-4718-8E6B-49F06A4F8624}"
EndProject
Global
    GlobalSection(SolutionConfigurationPlatforms) = preSolution
        Debug|Any CPU = Debug|Any CPU
        Release|Any CPU = Release|Any CPU
    EndGlobalSection
    GlobalSection(ProjectConfigurationPlatforms) = postSolution
        {D5B4E091-9476-43A5-B7EC-EEB588219A51}.Debug|Any CPU.ActiveCfg = Debug|Any CPU
        {D5B4E091-9476-43A5-B7EC-EEB588219A51}.Debug|Any CPU.Build.0 = Debug|Any CPU
        {D5B4E091-9476-43A5-B7EC-EEB588219A51}.Release|Any CPU.ActiveCfg = Release|Any CPU
        {D5B4E091-9476-43A5-B7EC-EEB588219A51}.Release|Any CPU.Build.0 = Release|Any CPU
        {48DFF1B9-5947-4718-8E6B-49F06A4F8624}.Debug|Any CPU.ActiveCfg = Debug|Any CPU
        {48DFF1B9-5947-4718-8E6B-49F06A4F8624}.Debug|Any CPU.Build.0 = Debug|Any CPU
        {48DFF1B9-5947-4718-8E6B-49F06A4F8624}.Release|Any CPU.ActiveCfg = Release|Any CPU
        {48DFF1B9-5947-4718-8E6B-49F06A4F8624}.Release|Any CPU.Build.0 = Release|Any CPU
    EndGlobalSection
EndGlobal
